// !$*UTF8*$!
{
	archiveVersion = 1;
	classes = {
	};
	objectVersion = 48;
	objects = {

/* Begin PBXBuildFile section */
		AF2E67EB205052B7002EB635 /* AppDelegate.swift in Sources */ = {isa = PBXBuildFile; fileRef = AF2E67EA205052B7002EB635 /* AppDelegate.swift */; };
		AF2E67ED205052B7002EB635 /* ViewController.swift in Sources */ = {isa = PBXBuildFile; fileRef = AF2E67EC205052B7002EB635 /* ViewController.swift */; };
		AF2E67F0205052B7002EB635 /* Main.storyboard in Resources */ = {isa = PBXBuildFile; fileRef = AF2E67EE205052B7002EB635 /* Main.storyboard */; };
		AF2E67F2205052B7002EB635 /* Assets.xcassets in Resources */ = {isa = PBXBuildFile; fileRef = AF2E67F1205052B7002EB635 /* Assets.xcassets */; };
		AF2E67F5205052B7002EB635 /* LaunchScreen.storyboard in Resources */ = {isa = PBXBuildFile; fileRef = AF2E67F3205052B7002EB635 /* LaunchScreen.storyboard */; };
		AF2E67FD20505CB4002EB635 /* PropertiesViewController.swift in Sources */ = {isa = PBXBuildFile; fileRef = AF2E67FC20505CB4002EB635 /* PropertiesViewController.swift */; };
/* End PBXBuildFile section */

/* Begin PBXFileReference section */
		AF2E67E7205052B7002EB635 /* DummyProject.app */ = {isa = PBXFileReference; explicitFileType = wrapper.application; includeInIndex = 0; path = DummyProject.app; sourceTree = BUILT_PRODUCTS_DIR; };
		AF2E67EA205052B7002EB635 /* AppDelegate.swift */ = {isa = PBXFileReference; lastKnownFileType = sourcecode.swift; path = AppDelegate.swift; sourceTree = "<group>"; };
		AF2E67EC205052B7002EB635 /* ViewController.swift */ = {isa = PBXFileReference; lastKnownFileType = sourcecode.swift; path = ViewController.swift; sourceTree = "<group>"; };
		AF2E67EF205052B7002EB635 /* Base */ = {isa = PBXFileReference; lastKnownFileType = file.storyboard; name = Base; path = Base.lproj/Main.storyboard; sourceTree = "<group>"; };
		AF2E67F1205052B7002EB635 /* Assets.xcassets */ = {isa = PBXFileReference; lastKnownFileType = folder.assetcatalog; path = Assets.xcassets; sourceTree = "<group>"; };
		AF2E67F4205052B7002EB635 /* Base */ = {isa = PBXFileReference; lastKnownFileType = file.storyboard; name = Base; path = Base.lproj/LaunchScreen.storyboard; sourceTree = "<group>"; };
		AF2E67F6205052B7002EB635 /* Info.plist */ = {isa = PBXFileReference; lastKnownFileType = text.plist.xml; path = Info.plist; sourceTree = "<group>"; };
		AF2E67FC20505CB4002EB635 /* PropertiesViewController.swift */ = {isa = PBXFileReference; lastKnownFileType = sourcecode.swift; path = PropertiesViewController.swift; sourceTree = "<group>"; };
/* End PBXFileReference section */

/* Begin PBXFrameworksBuildPhase section */
		AF2E67E4205052B7002EB635 /* Frameworks */ = {
			isa = PBXFrameworksBuildPhase;
			buildActionMask = 2147483647;
			files = (
			);
			runOnlyForDeploymentPostprocessing = 0;
		};
/* End PBXFrameworksBuildPhase section */

/* Begin PBXGroup section */
		AF2E67DE205052B7002EB635 = {
			isa = PBXGroup;
			children = (
				AF2E67E9205052B7002EB635 /* DummyProject */,
				AF2E67E8205052B7002EB635 /* Products */,
			);
			sourceTree = "<group>";
		};
		AF2E67E8205052B7002EB635 /* Products */ = {
			isa = PBXGroup;
			children = (
				AF2E67E7205052B7002EB635 /* DummyProject.app */,
			);
			name = Products;
			sourceTree = "<group>";
		};
		AF2E67E9205052B7002EB635 /* DummyProject */ = {
			isa = PBXGroup;
			children = (
				AF2E67EA205052B7002EB635 /* AppDelegate.swift */,
				AF2E67EC205052B7002EB635 /* ViewController.swift */,
				AF2E67EE205052B7002EB635 /* Main.storyboard */,
				AF2E67F1205052B7002EB635 /* Assets.xcassets */,
				AF2E67F3205052B7002EB635 /* LaunchScreen.storyboard */,
				AF2E67F6205052B7002EB635 /* Info.plist */,
				AF2E67FC20505CB4002EB635 /* PropertiesViewController.swift */,
			);
			path = DummyProject;
			sourceTree = "<group>";
		};
/* End PBXGroup section */

/* Begin PBXNativeTarget section */
		AF2E67E6205052B7002EB635 /* DummyProject */ = {
			isa = PBXNativeTarget;
			buildConfigurationList = AF2E67F9205052B7002EB635 /* Build configuration list for PBXNativeTarget "DummyProject" */;
			buildPhases = (
				AF2E67E3205052B7002EB635 /* Sources */,
				AF2E67E4205052B7002EB635 /* Frameworks */,
				AF2E67E5205052B7002EB635 /* Resources */,
			);
			buildRules = (
			);
			dependencies = (
			);
			name = DummyProject;
			productName = DummyProject;
			productReference = AF2E67E7205052B7002EB635 /* DummyProject.app */;
			productType = "com.apple.product-type.application";
		};
/* End PBXNativeTarget section */

/* Begin PBXProject section */
		AF2E67DF205052B7002EB635 /* Project object */ = {
			isa = PBXProject;
			attributes = {
				LastSwiftUpdateCheck = 0920;
				LastUpgradeCheck = 0920;
				ORGANIZATIONNAME = "Ani Adhikary";
				TargetAttributes = {
					AF2E67E6205052B7002EB635 = {
						CreatedOnToolsVersion = 9.2;
						ProvisioningStyle = Automatic;
					};
				};
			};
			buildConfigurationList = AF2E67E2205052B7002EB635 /* Build configuration list for PBXProject "DummyProject" */;
			compatibilityVersion = "Xcode 8.0";
			developmentRegion = en;
			hasScannedForEncodings = 0;
			knownRegions = (
				en,
				Base,
			);
			mainGroup = AF2E67DE205052B7002EB635;
			productRefGroup = AF2E67E8205052B7002EB635 /* Products */;
			projectDirPath = "";
			projectRoot = "";
			targets = (
				AF2E67E6205052B7002EB635 /* DummyProject */,
			);
		};
/* End PBXProject section */

/* Begin PBXResourcesBuildPhase section */
		AF2E67E5205052B7002EB635 /* Resources */ = {
			isa = PBXResourcesBuildPhase;
			buildActionMask = 2147483647;
			files = (
				AF2E67F5205052B7002EB635 /* LaunchScreen.storyboard in Resources */,
				AF2E67F2205052B7002EB635 /* Assets.xcassets in Resources */,
				AF2E67F0205052B7002EB635 /* Main.storyboard in Resources */,
			);
			runOnlyForDeploymentPostprocessing = 0;
		};
/* End PBXResourcesBuildPhase section */

/* Begin PBXSourcesBuildPhase section */
		AF2E67E3205052B7002EB635 /* Sources */ = {
			isa = PBXSourcesBuildPhase;
			buildActionMask = 2147483647;
			files = (
				AF2E67ED205052B7002EB635 /* ViewController.swift in Sources */,
				AF2E67EB205052B7002EB635 /* AppDelegate.swift in Sources */,
				AF2E67FD20505CB4002EB635 /* PropertiesViewController.swift in Sources */,
			);
			runOnlyForDeploymentPostprocessing = 0;
		};
/* End PBXSourcesBuildPhase section */

/* Begin PBXVariantGroup section */
		AF2E67EE205052B7002EB635 /* Main.storyboard */ = {
			isa = PBXVariantGroup;
			children = (
				AF2E67EF205052B7002EB635 /* Base */,
			);
			name = Main.storyboard;
			sourceTree = "<group>";
		};
		AF2E67F3205052B7002EB635 /* LaunchScreen.storyboard */ = {
			isa = PBXVariantGroup;
			children = (
				AF2E67F4205052B7002EB635 /* Base */,
			);
			name = LaunchScreen.storyboard;
			sourceTree = "<group>";
		};
/* End PBXVariantGroup section */

/* Begin XCBuildConfiguration section */
		AF2E67F7205052B7002EB635 /* Debug */ = {
			isa = XCBuildConfiguration;
			buildSettings = {
				ALWAYS_SEARCH_USER_PATHS = NO;
				CLANG_ANALYZER_NONNULL = YES;
				CLANG_ANALYZER_NUMBER_OBJECT_CONVERSION = YES_AGGRESSIVE;
				CLANG_CXX_LANGUAGE_STANDARD = "gnu++14";
				CLANG_CXX_LIBRARY = "libc++";
				CLANG_ENABLE_MODULES = YES;
				CLANG_ENABLE_OBJC_ARC = YES;
				CLANG_WARN_BLOCK_CAPTURE_AUTORELEASING = YES;
				CLANG_WARN_BOOL_CONVERSION = YES;
				CLANG_WARN_COMMA = YES;
				CLANG_WARN_CONSTANT_CONVERSION = YES;
				CLANG_WARN_DIRECT_OBJC_ISA_USAGE = YES_ERROR;
				CLANG_WARN_DOCUMENTATION_COMMENTS = YES;
				CLANG_WARN_EMPTY_BODY = YES;
				CLANG_WARN_ENUM_CONVERSION = YES;
				CLANG_WARN_INFINITE_RECURSION = YES;
				CLANG_WARN_INT_CONVERSION = YES;
				CLANG_WARN_NON_LITERAL_NULL_CONVERSION = YES;
				CLANG_WARN_OBJC_LITERAL_CONVERSION = YES;
				CLANG_WARN_OBJC_ROOT_CLASS = YES_ERROR;
				CLANG_WARN_RANGE_LOOP_ANALYSIS = YES;
				CLANG_WARN_STRICT_PROTOTYPES = YES;
				CLANG_WARN_SUSPICIOUS_MOVE = YES;
				CLANG_WARN_UNGUARDED_AVAILABILITY = YES_AGGRESSIVE;
				CLANG_WARN_UNREACHABLE_CODE = YES;
				CLANG_WARN__DUPLICATE_METHOD_MATCH = YES;
				CODE_SIGN_IDENTITY = "iPhone Developer";
				COPY_PHASE_STRIP = NO;
				DEBUG_INFORMATION_FORMAT = dwarf;
				ENABLE_STRICT_OBJC_MSGSEND = YES;
				ENABLE_TESTABILITY = YES;
				GCC_C_LANGUAGE_STANDARD = gnu11;
				GCC_DYNAMIC_NO_PIC = NO;
				GCC_NO_COMMON_BLOCKS = YES;
				GCC_OPTIMIZATION_LEVEL = 0;
				GCC_PREPROCESSOR_DEFINITIONS = (
					"DEBUG=1",
					"$(inherited)",
				);
				GCC_WARN_64_TO_32_BIT_CONVERSION = YES;
				GCC_WARN_ABOUT_RETURN_TYPE = YES_ERROR;
				GCC_WARN_UNDECLARED_SELECTOR = YES;
				GCC_WARN_UNINITIALIZED_AUTOS = YES_AGGRESSIVE;
				GCC_WARN_UNUSED_FUNCTION = YES;
				GCC_WARN_UNUSED_VARIABLE = YES;
				IPHONEOS_DEPLOYMENT_TARGET = 11.2;
				MTL_ENABLE_DEBUG_INFO = YES;
				ONLY_ACTIVE_ARCH = YES;
				SDKROOT = iphoneos;
				SWIFT_ACTIVE_COMPILATION_CONDITIONS = DEBUG;
				SWIFT_OPTIMIZATION_LEVEL = "-Onone";
			};
			name = Debug;
		};
		AF2E67F8205052B7002EB635 /* Release */ = {
			isa = XCBuildConfiguration;
			buildSettings = {
				ALWAYS_SEARCH_USER_PATHS = NO;
				CLANG_ANALYZER_NONNULL = YES;
				CLANG_ANALYZER_NUMBER_OBJECT_CONVERSION = YES_AGGRESSIVE;
				CLANG_CXX_LANGUAGE_STANDARD = "gnu++14";
				CLANG_CXX_LIBRARY = "libc++";
				CLANG_ENABLE_MODULES = YES;
				CLANG_ENABLE_OBJC_ARC = YES;
				CLANG_WARN_BLOCK_CAPTURE_AUTORELEASING = YES;
				CLANG_WARN_BOOL_CONVERSION = YES;
				CLANG_WARN_COMMA = YES;
				CLANG_WARN_CONSTANT_CONVERSION = YES;
				CLANG_WARN_DIRECT_OBJC_ISA_USAGE = YES_ERROR;
				CLANG_WARN_DOCUMENTATION_COMMENTS = YES;
				CLANG_WARN_EMPTY_BODY = YES;
				CLANG_WARN_ENUM_CONVERSION = YES;
				CLANG_WARN_INFINITE_RECURSION = YES;
				CLANG_WARN_INT_CONVERSION = YES;
				CLANG_WARN_NON_LITERAL_NULL_CONVERSION = YES;
				CLANG_WARN_OBJC_LITERAL_CONVERSION = YES;
				CLANG_WARN_OBJC_ROOT_CLASS = YES_ERROR;
				CLANG_WARN_RANGE_LOOP_ANALYSIS = YES;
				CLANG_WARN_STRICT_PROTOTYPES = YES;
				CLANG_WARN_SUSPICIOUS_MOVE = YES;
				CLANG_WARN_UNGUARDED_AVAILABILITY = YES_AGGRESSIVE;
				CLANG_WARN_UNREACHABLE_CODE = YES;
				CLANG_WARN__DUPLICATE_METHOD_MATCH = YES;
				CODE_SIGN_IDENTITY = "iPhone Developer";
				COPY_PHASE_STRIP = NO;
				DEBUG_INFORMATION_FORMAT = "dwarf-with-dsym";
				ENABLE_NS_ASSERTIONS = NO;
				ENABLE_STRICT_OBJC_MSGSEND = YES;
				GCC_C_LANGUAGE_STANDARD = gnu11;
				GCC_NO_COMMON_BLOCKS = YES;
				GCC_WARN_64_TO_32_BIT_CONVERSION = YES;
				GCC_WARN_ABOUT_RETURN_TYPE = YES_ERROR;
				GCC_WARN_UNDECLARED_SELECTOR = YES;
				GCC_WARN_UNINITIALIZED_AUTOS = YES_AGGRESSIVE;
				GCC_WARN_UNUSED_FUNCTION = YES;
				GCC_WARN_UNUSED_VARIABLE = YES;
				IPHONEOS_DEPLOYMENT_TARGET = 11.2;
				MTL_ENABLE_DEBUG_INFO = NO;
				SDKROOT = iphoneos;
				SWIFT_OPTIMIZATION_LEVEL = "-Owholemodule";
				VALIDATE_PRODUCT = YES;
			};
			name = Release;
		};
		AF2E67FA205052B7002EB635 /* Debug */ = {
			isa = XCBuildConfiguration;
			buildSettings = {
				ASSETCATALOG_COMPILER_APPICON_NAME = AppIcon;
				CODE_SIGN_STYLE = Automatic;
				DEVELOPMENT_TEAM = W3BU4T6J77;
				INFOPLIST_FILE = DummyProject/Info.plist;
				LD_RUNPATH_SEARCH_PATHS = "$(inherited) @executable_path/Frameworks";
				PRODUCT_BUNDLE_IDENTIFIER = com.example.DummyProject;
				PRODUCT_NAME = "$(TARGET_NAME)";
				SWIFT_VERSION = 4.0;
				TARGETED_DEVICE_FAMILY = "1,2";
			};
			name = Debug;
		};
		AF2E67FB205052B7002EB635 /* Release */ = {
			isa = XCBuildConfiguration;
			buildSettings = {
				ASSETCATALOG_COMPILER_APPICON_NAME = AppIcon;
				CODE_SIGN_STYLE = Automatic;
				DEVELOPMENT_TEAM = W3BU4T6J77;
				INFOPLIST_FILE = DummyProject/Info.plist;
				LD_RUNPATH_SEARCH_PATHS = "$(inherited) @executable_path/Frameworks";
				PRODUCT_BUNDLE_IDENTIFIER = com.example.DummyProject;
				PRODUCT_NAME = "$(TARGET_NAME)";
				SWIFT_VERSION = 4.0;
				TARGETED_DEVICE_FAMILY = "1,2";
			};
			name = Release;
		};
/* End XCBuildConfiguration section */

/* Begin XCConfigurationList section */
		AF2E67E2205052B7002EB635 /* Build configuration list for PBXProject "DummyProject" */ = {
			isa = XCConfigurationList;
			buildConfigurations = (
				AF2E67F7205052B7002EB635 /* Debug */,
				AF2E67F8205052B7002EB635 /* Release */,
			);
			defaultConfigurationIsVisible = 0;
			defaultConfigurationName = Release;
		};
		AF2E67F9205052B7002EB635 /* Build configuration list for PBXNativeTarget "DummyProject" */ = {
			isa = XCConfigurationList;
			buildConfigurations = (
				AF2E67FA205052B7002EB635 /* Debug */,
				AF2E67FB205052B7002EB635 /* Release */,
			);
			defaultConfigurationIsVisible = 0;
			defaultConfigurationName = Release;
		};
/* End XCConfigurationList section */
	};
	rootObject = AF2E67DF205052B7002EB635 /* Project object */;
}
